
Microsoft Visual Studio Solution File, Format Version 12.00
# Visual Studio Version 17
VisualStudioVersion = 17.14.36603.0 d17.14
MinimumVisualStudioVersion = 10.0.40219.1
Project("{FAE04EC0-301F-11D3-BF4B-00C04F79EFBC}") = "System_Pucharowy", "System_Pucharowy\System_Pucharowy.csproj", "{0E9A1A69-271C-4D76-913B-A0287345F831}"
EndProject
Global
	GlobalSection(SolutionConfigurationPlatforms) = preSolution
		Debug|Any CPU = Debug|Any CPU
		Release|Any CPU = Release|Any CPU
	EndGlobalSection
	GlobalSection(ProjectConfigurationPlatforms) = postSolution
		{0E9A1A69-271C-4D76-913B-A0287345F831}.Debug|Any CPU.ActiveCfg = Debug|Any CPU
		{0E9A1A69-271C-4D76-913B-A0287345F831}.Debug|Any CPU.Build.0 = Debug|Any CPU
		{0E9A1A69-271C-4D76-913B-A0287345F831}.Release|Any CPU.ActiveCfg = Release|Any CPU
		{0E9A1A69-271C-4D76-913B-A0287345F831}.Release|Any CPU.Build.0 = Release|Any CPU
	EndGlobalSection
	GlobalSection(SolutionProperties) = preSolution
		HideSolutionNode = FALSE
	EndGlobalSection
	GlobalSection(ExtensibilityGlobals) = postSolution
		SolutionGuid = {CF646D47-8439-4CC6-BAA9-DEC10E3CA9EA}
	EndGlobalSection
EndGlobal
